// !$*UTF8*$!
{
	archiveVersion = 1;
	classes = {
	};
	objectVersion = 46;
	objects = {

/* Begin PBXBuildFile section */
		FA11BC0C1E9F002400BBC8EE /* AppDelegate.swift in Sources */ = {isa = PBXBuildFile; fileRef = FA11BC0B1E9F002400BBC8EE /* AppDelegate.swift */; };
		FA11BC111E9F002400BBC8EE /* Main.storyboard in Resources */ = {isa = PBXBuildFile; fileRef = FA11BC0F1E9F002400BBC8EE /* Main.storyboard */; };
		FA11BC131E9F002400BBC8EE /* Assets.xcassets in Resources */ = {isa = PBXBuildFile; fileRef = FA11BC121E9F002400BBC8EE /* Assets.xcassets */; };
		FA11BC161E9F002400BBC8EE /* LaunchScreen.storyboard in Resources */ = {isa = PBXBuildFile; fileRef = FA11BC141E9F002400BBC8EE /* LaunchScreen.storyboard */; };
		FA11BC211E9F002400BBC8EE /* TacoPopJackTests.swift in Sources */ = {isa = PBXBuildFile; fileRef = FA11BC201E9F002400BBC8EE /* TacoPopJackTests.swift */; };
		FA11BC321E9F015E00BBC8EE /* MainVC.swift in Sources */ = {isa = PBXBuildFile; fileRef = FA11BC311E9F015E00BBC8EE /* MainVC.swift */; };
		FA11BC341E9F03DC00BBC8EE /* DropShadow.swift in Sources */ = {isa = PBXBuildFile; fileRef = FA11BC331E9F03DC00BBC8EE /* DropShadow.swift */; };
		FA11BC361E9F051100BBC8EE /* ViewHeader.swift in Sources */ = {isa = PBXBuildFile; fileRef = FA11BC351E9F051100BBC8EE /* ViewHeader.swift */; };
		FA11BC381E9F080F00BBC8EE /* Taco.swift in Sources */ = {isa = PBXBuildFile; fileRef = FA11BC371E9F080F00BBC8EE /* Taco.swift */; };
		FA11BC3A1E9F0BC500BBC8EE /* DataService.swift in Sources */ = {isa = PBXBuildFile; fileRef = FA11BC391E9F0BC500BBC8EE /* DataService.swift */; };
		FA11BC3F1E9F121900BBC8EE /* TacoCell.swift in Sources */ = {isa = PBXBuildFile; fileRef = FA11BC3D1E9F121900BBC8EE /* TacoCell.swift */; };
		FA11BC401E9F121900BBC8EE /* TacoCell.xib in Resources */ = {isa = PBXBuildFile; fileRef = FA11BC3E1E9F121900BBC8EE /* TacoCell.xib */; };
		FA11BC421E9F1B6C00BBC8EE /* ReusableView.swift in Sources */ = {isa = PBXBuildFile; fileRef = FA11BC411E9F1B6C00BBC8EE /* ReusableView.swift */; };
		FA11BC441E9F1C3F00BBC8EE /* NibLoadableView.swift in Sources */ = {isa = PBXBuildFile; fileRef = FA11BC431E9F1C3F00BBC8EE /* NibLoadableView.swift */; };
		FA11BC461E9F1CD700BBC8EE /* UICollectionView+Ext.swift in Sources */ = {isa = PBXBuildFile; fileRef = FA11BC451E9F1CD700BBC8EE /* UICollectionView+Ext.swift */; };
		FA11BC481E9F2FA300BBC8EE /* CollectionType+Ext.swift in Sources */ = {isa = PBXBuildFile; fileRef = FA11BC471E9F2FA300BBC8EE /* CollectionType+Ext.swift */; };
		FA11BC4A1E9F30F100BBC8EE /* Shakeable.swift in Sources */ = {isa = PBXBuildFile; fileRef = FA11BC491E9F30F100BBC8EE /* Shakeable.swift */; };
/* End PBXBuildFile section */

/* Begin PBXContainerItemProxy section */
		FA11BC1D1E9F002400BBC8EE /* PBXContainerItemProxy */ = {
			isa = PBXContainerItemProxy;
			containerPortal = FA11BC001E9F002400BBC8EE /* Project object */;
			proxyType = 1;
			remoteGlobalIDString = FA11BC071E9F002400BBC8EE;
			remoteInfo = TacoPopJack;
		};
/* End PBXContainerItemProxy section */

/* Begin PBXFileReference section */
		FA11BC081E9F002400BBC8EE /* TacoPopJack.app */ = {isa = PBXFileReference; explicitFileType = wrapper.application; includeInIndex = 0; path = TacoPopJack.app; sourceTree = BUILT_PRODUCTS_DIR; };
		FA11BC0B1E9F002400BBC8EE /* AppDelegate.swift */ = {isa = PBXFileReference; lastKnownFileType = sourcecode.swift; path = AppDelegate.swift; sourceTree = "<group>"; };
		FA11BC101E9F002400BBC8EE /* Base */ = {isa = PBXFileReference; lastKnownFileType = file.storyboard; name = Base; path = Base.lproj/Main.storyboard; sourceTree = "<group>"; };
		FA11BC121E9F002400BBC8EE /* Assets.xcassets */ = {isa = PBXFileReference; lastKnownFileType = folder.assetcatalog; path = Assets.xcassets; sourceTree = "<group>"; };
		FA11BC151E9F002400BBC8EE /* Base */ = {isa = PBXFileReference; lastKnownFileType = file.storyboard; name = Base; path = Base.lproj/LaunchScreen.storyboard; sourceTree = "<group>"; };
		FA11BC171E9F002400BBC8EE /* Info.plist */ = {isa = PBXFileReference; lastKnownFileType = text.plist.xml; path = Info.plist; sourceTree = "<group>"; };
		FA11BC1C1E9F002400BBC8EE /* TacoPopJackTests.xctest */ = {isa = PBXFileReference; explicitFileType = wrapper.cfbundle; includeInIndex = 0; path = TacoPopJackTests.xctest; sourceTree = BUILT_PRODUCTS_DIR; };
		FA11BC201E9F002400BBC8EE /* TacoPopJackTests.swift */ = {isa = PBXFileReference; lastKnownFileType = sourcecode.swift; path = TacoPopJackTests.swift; sourceTree = "<group>"; };
		FA11BC221E9F002400BBC8EE /* Info.plist */ = {isa = PBXFileReference; lastKnownFileType = text.plist.xml; path = Info.plist; sourceTree = "<group>"; };
		FA11BC311E9F015E00BBC8EE /* MainVC.swift */ = {isa = PBXFileReference; fileEncoding = 4; lastKnownFileType = sourcecode.swift; path = MainVC.swift; sourceTree = "<group>"; };
		FA11BC331E9F03DC00BBC8EE /* DropShadow.swift */ = {isa = PBXFileReference; fileEncoding = 4; lastKnownFileType = sourcecode.swift; path = DropShadow.swift; sourceTree = "<group>"; };
		FA11BC351E9F051100BBC8EE /* ViewHeader.swift */ = {isa = PBXFileReference; fileEncoding = 4; lastKnownFileType = sourcecode.swift; path = ViewHeader.swift; sourceTree = "<group>"; };
		FA11BC371E9F080F00BBC8EE /* Taco.swift */ = {isa = PBXFileReference; fileEncoding = 4; lastKnownFileType = sourcecode.swift; path = Taco.swift; sourceTree = "<group>"; };
		FA11BC391E9F0BC500BBC8EE /* DataService.swift */ = {isa = PBXFileReference; fileEncoding = 4; lastKnownFileType = sourcecode.swift; path = DataService.swift; sourceTree = "<group>"; };
		FA11BC3D1E9F121900BBC8EE /* TacoCell.swift */ = {isa = PBXFileReference; fileEncoding = 4; lastKnownFileType = sourcecode.swift; path = TacoCell.swift; sourceTree = "<group>"; };
		FA11BC3E1E9F121900BBC8EE /* TacoCell.xib */ = {isa = PBXFileReference; fileEncoding = 4; lastKnownFileType = file.xib; path = TacoCell.xib; sourceTree = "<group>"; };
		FA11BC411E9F1B6C00BBC8EE /* ReusableView.swift */ = {isa = PBXFileReference; fileEncoding = 4; lastKnownFileType = sourcecode.swift; path = ReusableView.swift; sourceTree = "<group>"; };
		FA11BC431E9F1C3F00BBC8EE /* NibLoadableView.swift */ = {isa = PBXFileReference; fileEncoding = 4; lastKnownFileType = sourcecode.swift; path = NibLoadableView.swift; sourceTree = "<group>"; };
		FA11BC451E9F1CD700BBC8EE /* UICollectionView+Ext.swift */ = {isa = PBXFileReference; fileEncoding = 4; lastKnownFileType = sourcecode.swift; path = "UICollectionView+Ext.swift"; sourceTree = "<group>"; };
		FA11BC471E9F2FA300BBC8EE /* CollectionType+Ext.swift */ = {isa = PBXFileReference; fileEncoding = 4; lastKnownFileType = sourcecode.swift; path = "CollectionType+Ext.swift"; sourceTree = "<group>"; };
		FA11BC491E9F30F100BBC8EE /* Shakeable.swift */ = {isa = PBXFileReference; fileEncoding = 4; lastKnownFileType = sourcecode.swift; path = Shakeable.swift; sourceTree = "<group>"; };
/* End PBXFileReference section */

/* Begin PBXFrameworksBuildPhase section */
		FA11BC051E9F002400BBC8EE /* Frameworks */ = {
			isa = PBXFrameworksBuildPhase;
			buildActionMask = 2147483647;
			files = (
			);
			runOnlyForDeploymentPostprocessing = 0;
		};
		FA11BC191E9F002400BBC8EE /* Frameworks */ = {
			isa = PBXFrameworksBuildPhase;
			buildActionMask = 2147483647;
			files = (
			);
			runOnlyForDeploymentPostprocessing = 0;
		};
/* End PBXFrameworksBuildPhase section */

/* Begin PBXGroup section */
		FA11BBFF1E9F002400BBC8EE = {
			isa = PBXGroup;
			children = (
				FA11BC0A1E9F002400BBC8EE /* TacoPopJack */,
				FA11BC1F1E9F002400BBC8EE /* TacoPopJackTests */,
				FA11BC091E9F002400BBC8EE /* Products */,
			);
			sourceTree = "<group>";
		};
		FA11BC091E9F002400BBC8EE /* Products */ = {
			isa = PBXGroup;
			children = (
				FA11BC081E9F002400BBC8EE /* TacoPopJack.app */,
				FA11BC1C1E9F002400BBC8EE /* TacoPopJackTests.xctest */,
			);
			name = Products;
			sourceTree = "<group>";
		};
		FA11BC0A1E9F002400BBC8EE /* TacoPopJack */ = {
			isa = PBXGroup;
			children = (
				FA11BC2F1E9F008900BBC8EE /* Extensions */,
				FA11BC2E1E9F008600BBC8EE /* Protocols */,
				FA11BC2D1E9F008200BBC8EE /* Model */,
				FA11BC2C1E9F007E00BBC8EE /* View */,
				FA11BC2B1E9F007B00BBC8EE /* Controller */,
				FA11BC301E9F00C000BBC8EE /* Resources */,
			);
			path = TacoPopJack;
			sourceTree = "<group>";
		};
		FA11BC1F1E9F002400BBC8EE /* TacoPopJackTests */ = {
			isa = PBXGroup;
			children = (
				FA11BC201E9F002400BBC8EE /* TacoPopJackTests.swift */,
				FA11BC221E9F002400BBC8EE /* Info.plist */,
			);
			path = TacoPopJackTests;
			sourceTree = "<group>";
		};
		FA11BC2B1E9F007B00BBC8EE /* Controller */ = {
			isa = PBXGroup;
			children = (
				FA11BC311E9F015E00BBC8EE /* MainVC.swift */,
				FA11BC0B1E9F002400BBC8EE /* AppDelegate.swift */,
			);
			name = Controller;
			sourceTree = "<group>";
		};
		FA11BC2C1E9F007E00BBC8EE /* View */ = {
			isa = PBXGroup;
			children = (
				FA11BC0F1E9F002400BBC8EE /* Main.storyboard */,
				FA11BC141E9F002400BBC8EE /* LaunchScreen.storyboard */,
				FA11BC351E9F051100BBC8EE /* ViewHeader.swift */,
				FA11BC3D1E9F121900BBC8EE /* TacoCell.swift */,
				FA11BC3E1E9F121900BBC8EE /* TacoCell.xib */,
			);
			name = View;
			sourceTree = "<group>";
		};
		FA11BC2D1E9F008200BBC8EE /* Model */ = {
			isa = PBXGroup;
			children = (
				FA11BC371E9F080F00BBC8EE /* Taco.swift */,
				FA11BC391E9F0BC500BBC8EE /* DataService.swift */,
			);
			name = Model;
			sourceTree = "<group>";
		};
		FA11BC2E1E9F008600BBC8EE /* Protocols */ = {
			isa = PBXGroup;
			children = (
				FA11BC331E9F03DC00BBC8EE /* DropShadow.swift */,
				FA11BC411E9F1B6C00BBC8EE /* ReusableView.swift */,
				FA11BC431E9F1C3F00BBC8EE /* NibLoadableView.swift */,
				FA11BC491E9F30F100BBC8EE /* Shakeable.swift */,
			);
			name = Protocols;
			sourceTree = "<group>";
		};
		FA11BC2F1E9F008900BBC8EE /* Extensions */ = {
			isa = PBXGroup;
			children = (
				FA11BC451E9F1CD700BBC8EE /* UICollectionView+Ext.swift */,
				FA11BC471E9F2FA300BBC8EE /* CollectionType+Ext.swift */,
			);
			name = Extensions;
			sourceTree = "<group>";
		};
		FA11BC301E9F00C000BBC8EE /* Resources */ = {
			isa = PBXGroup;
			children = (
				FA11BC121E9F002400BBC8EE /* Assets.xcassets */,
				FA11BC171E9F002400BBC8EE /* Info.plist */,
			);
			name = Resources;
			sourceTree = "<group>";
		};
/* End PBXGroup section */

/* Begin PBXNativeTarget section */
		FA11BC071E9F002400BBC8EE /* TacoPopJack */ = {
			isa = PBXNativeTarget;
			buildConfigurationList = FA11BC251E9F002400BBC8EE /* Build configuration list for PBXNativeTarget "TacoPopJack" */;
			buildPhases = (
				FA11BC041E9F002400BBC8EE /* Sources */,
				FA11BC051E9F002400BBC8EE /* Frameworks */,
				FA11BC061E9F002400BBC8EE /* Resources */,
			);
			buildRules = (
			);
			dependencies = (
			);
			name = TacoPopJack;
			productName = TacoPopJack;
			productReference = FA11BC081E9F002400BBC8EE /* TacoPopJack.app */;
			productType = "com.apple.product-type.application";
		};
		FA11BC1B1E9F002400BBC8EE /* TacoPopJackTests */ = {
			isa = PBXNativeTarget;
			buildConfigurationList = FA11BC281E9F002400BBC8EE /* Build configuration list for PBXNativeTarget "TacoPopJackTests" */;
			buildPhases = (
				FA11BC181E9F002400BBC8EE /* Sources */,
				FA11BC191E9F002400BBC8EE /* Frameworks */,
				FA11BC1A1E9F002400BBC8EE /* Resources */,
			);
			buildRules = (
			);
			dependencies = (
				FA11BC1E1E9F002400BBC8EE /* PBXTargetDependency */,
			);
			name = TacoPopJackTests;
			productName = TacoPopJackTests;
			productReference = FA11BC1C1E9F002400BBC8EE /* TacoPopJackTests.xctest */;
			productType = "com.apple.product-type.bundle.unit-test";
		};
/* End PBXNativeTarget section */

/* Begin PBXProject section */
		FA11BC001E9F002400BBC8EE /* Project object */ = {
			isa = PBXProject;
			attributes = {
				LastSwiftUpdateCheck = 0830;
				LastUpgradeCheck = 0830;
				ORGANIZATIONNAME = jack_amiegbe;
				TargetAttributes = {
					FA11BC071E9F002400BBC8EE = {
						CreatedOnToolsVersion = 8.3.1;
						DevelopmentTeam = W8AVFZS4RL;
						ProvisioningStyle = Automatic;
					};
					FA11BC1B1E9F002400BBC8EE = {
						CreatedOnToolsVersion = 8.3.1;
						DevelopmentTeam = W8AVFZS4RL;
						ProvisioningStyle = Automatic;
						TestTargetID = FA11BC071E9F002400BBC8EE;
					};
				};
			};
			buildConfigurationList = FA11BC031E9F002400BBC8EE /* Build configuration list for PBXProject "TacoPopJack" */;
			compatibilityVersion = "Xcode 3.2";
			developmentRegion = English;
			hasScannedForEncodings = 0;
			knownRegions = (
				en,
				Base,
			);
			mainGroup = FA11BBFF1E9F002400BBC8EE;
			productRefGroup = FA11BC091E9F002400BBC8EE /* Products */;
			projectDirPath = "";
			projectRoot = "";
			targets = (
				FA11BC071E9F002400BBC8EE /* TacoPopJack */,
				FA11BC1B1E9F002400BBC8EE /* TacoPopJackTests */,
			);
		};
/* End PBXProject section */

/* Begin PBXResourcesBuildPhase section */
		FA11BC061E9F002400BBC8EE /* Resources */ = {
			isa = PBXResourcesBuildPhase;
			buildActionMask = 2147483647;
			files = (
				FA11BC401E9F121900BBC8EE /* TacoCell.xib in Resources */,
				FA11BC161E9F002400BBC8EE /* LaunchScreen.storyboard in Resources */,
				FA11BC131E9F002400BBC8EE /* Assets.xcassets in Resources */,
				FA11BC111E9F002400BBC8EE /* Main.storyboard in Resources */,
			);
			runOnlyForDeploymentPostprocessing = 0;
		};
		FA11BC1A1E9F002400BBC8EE /* Resources */ = {
			isa = PBXResourcesBuildPhase;
			buildActionMask = 2147483647;
			files = (
			);
			runOnlyForDeploymentPostprocessing = 0;
		};
/* End PBXResourcesBuildPhase section */

/* Begin PBXSourcesBuildPhase section */
		FA11BC041E9F002400BBC8EE /* Sources */ = {
			isa = PBXSourcesBuildPhase;
			buildActionMask = 2147483647;
			files = (
				FA11BC3F1E9F121900BBC8EE /* TacoCell.swift in Sources */,
				FA11BC0C1E9F002400BBC8EE /* AppDelegate.swift in Sources */,
				FA11BC341E9F03DC00BBC8EE /* DropShadow.swift in Sources */,
				FA11BC441E9F1C3F00BBC8EE /* NibLoadableView.swift in Sources */,
				FA11BC461E9F1CD700BBC8EE /* UICollectionView+Ext.swift in Sources */,
				FA11BC421E9F1B6C00BBC8EE /* ReusableView.swift in Sources */,
				FA11BC481E9F2FA300BBC8EE /* CollectionType+Ext.swift in Sources */,
				FA11BC321E9F015E00BBC8EE /* MainVC.swift in Sources */,
				FA11BC381E9F080F00BBC8EE /* Taco.swift in Sources */,
				FA11BC3A1E9F0BC500BBC8EE /* DataService.swift in Sources */,
				FA11BC4A1E9F30F100BBC8EE /* Shakeable.swift in Sources */,
				FA11BC361E9F051100BBC8EE /* ViewHeader.swift in Sources */,
			);
			runOnlyForDeploymentPostprocessing = 0;
		};
		FA11BC181E9F002400BBC8EE /* Sources */ = {
			isa = PBXSourcesBuildPhase;
			buildActionMask = 2147483647;
			files = (
				FA11BC211E9F002400BBC8EE /* TacoPopJackTests.swift in Sources */,
			);
			runOnlyForDeploymentPostprocessing = 0;
		};
/* End PBXSourcesBuildPhase section */

/* Begin PBXTargetDependency section */
		FA11BC1E1E9F002400BBC8EE /* PBXTargetDependency */ = {
			isa = PBXTargetDependency;
			target = FA11BC071E9F002400BBC8EE /* TacoPopJack */;
			targetProxy = FA11BC1D1E9F002400BBC8EE /* PBXContainerItemProxy */;
		};
/* End PBXTargetDependency section */

/* Begin PBXVariantGroup section */
		FA11BC0F1E9F002400BBC8EE /* Main.storyboard */ = {
			isa = PBXVariantGroup;
			children = (
				FA11BC101E9F002400BBC8EE /* Base */,
			);
			name = Main.storyboard;
			sourceTree = "<group>";
		};
		FA11BC141E9F002400BBC8EE /* LaunchScreen.storyboard */ = {
			isa = PBXVariantGroup;
			children = (
				FA11BC151E9F002400BBC8EE /* Base */,
			);
			name = LaunchScreen.storyboard;
			sourceTree = "<group>";
		};
/* End PBXVariantGroup section */

/* Begin XCBuildConfiguration section */
		FA11BC231E9F002400BBC8EE /* Debug */ = {
			isa = XCBuildConfiguration;
			buildSettings = {
				ALWAYS_SEARCH_USER_PATHS = NO;
				CLANG_ANALYZER_NONNULL = YES;
				CLANG_ANALYZER_NUMBER_OBJECT_CONVERSION = YES_AGGRESSIVE;
				CLANG_CXX_LANGUAGE_STANDARD = "gnu++0x";
				CLANG_CXX_LIBRARY = "libc++";
				CLANG_ENABLE_MODULES = YES;
				CLANG_ENABLE_OBJC_ARC = YES;
				CLANG_WARN_BOOL_CONVERSION = YES;
				CLANG_WARN_CONSTANT_CONVERSION = YES;
				CLANG_WARN_DIRECT_OBJC_ISA_USAGE = YES_ERROR;
				CLANG_WARN_DOCUMENTATION_COMMENTS = YES;
				CLANG_WARN_EMPTY_BODY = YES;
				CLANG_WARN_ENUM_CONVERSION = YES;
				CLANG_WARN_INFINITE_RECURSION = YES;
				CLANG_WARN_INT_CONVERSION = YES;
				CLANG_WARN_OBJC_ROOT_CLASS = YES_ERROR;
				CLANG_WARN_SUSPICIOUS_MOVE = YES;
				CLANG_WARN_UNREACHABLE_CODE = YES;
				CLANG_WARN__DUPLICATE_METHOD_MATCH = YES;
				"CODE_SIGN_IDENTITY[sdk=iphoneos*]" = "iPhone Developer";
				COPY_PHASE_STRIP = NO;
				DEBUG_INFORMATION_FORMAT = dwarf;
				ENABLE_STRICT_OBJC_MSGSEND = YES;
				ENABLE_TESTABILITY = YES;
				GCC_C_LANGUAGE_STANDARD = gnu99;
				GCC_DYNAMIC_NO_PIC = NO;
				GCC_NO_COMMON_BLOCKS = YES;
				GCC_OPTIMIZATION_LEVEL = 0;
				GCC_PREPROCESSOR_DEFINITIONS = (
					"DEBUG=1",
					"$(inherited)",
				);
				GCC_WARN_64_TO_32_BIT_CONVERSION = YES;
				GCC_WARN_ABOUT_RETURN_TYPE = YES_ERROR;
				GCC_WARN_UNDECLARED_SELECTOR = YES;
				GCC_WARN_UNINITIALIZED_AUTOS = YES_AGGRESSIVE;
				GCC_WARN_UNUSED_FUNCTION = YES;
				GCC_WARN_UNUSED_VARIABLE = YES;
				IPHONEOS_DEPLOYMENT_TARGET = 10.3;
				MTL_ENABLE_DEBUG_INFO = YES;
				ONLY_ACTIVE_ARCH = YES;
				SDKROOT = iphoneos;
				SWIFT_ACTIVE_COMPILATION_CONDITIONS = DEBUG;
				SWIFT_OPTIMIZATION_LEVEL = "-Onone";
			};
			name = Debug;
		};
		FA11BC241E9F002400BBC8EE /* Release */ = {
			isa = XCBuildConfiguration;
			buildSettings = {
				ALWAYS_SEARCH_USER_PATHS = NO;
				CLANG_ANALYZER_NONNULL = YES;
				CLANG_ANALYZER_NUMBER_OBJECT_CONVERSION = YES_AGGRESSIVE;
				CLANG_CXX_LANGUAGE_STANDARD = "gnu++0x";
				CLANG_CXX_LIBRARY = "libc++";
				CLANG_ENABLE_MODULES = YES;
				CLANG_ENABLE_OBJC_ARC = YES;
				CLANG_WARN_BOOL_CONVERSION = YES;
				CLANG_WARN_CONSTANT_CONVERSION = YES;
				CLANG_WARN_DIRECT_OBJC_ISA_USAGE = YES_ERROR;
				CLANG_WARN_DOCUMENTATION_COMMENTS = YES;
				CLANG_WARN_EMPTY_BODY = YES;
				CLANG_WARN_ENUM_CONVERSION = YES;
				CLANG_WARN_INFINITE_RECURSION = YES;
				CLANG_WARN_INT_CONVERSION = YES;
				CLANG_WARN_OBJC_ROOT_CLASS = YES_ERROR;
				CLANG_WARN_SUSPICIOUS_MOVE = YES;
				CLANG_WARN_UNREACHABLE_CODE = YES;
				CLANG_WARN__DUPLICATE_METHOD_MATCH = YES;
				"CODE_SIGN_IDENTITY[sdk=iphoneos*]" = "iPhone Developer";
				COPY_PHASE_STRIP = NO;
				DEBUG_INFORMATION_FORMAT = "dwarf-with-dsym";
				ENABLE_NS_ASSERTIONS = NO;
				ENABLE_STRICT_OBJC_MSGSEND = YES;
				GCC_C_LANGUAGE_STANDARD = gnu99;
				GCC_NO_COMMON_BLOCKS = YES;
				GCC_WARN_64_TO_32_BIT_CONVERSION = YES;
				GCC_WARN_ABOUT_RETURN_TYPE = YES_ERROR;
				GCC_WARN_UNDECLARED_SELECTOR = YES;
				GCC_WARN_UNINITIALIZED_AUTOS = YES_AGGRESSIVE;
				GCC_WARN_UNUSED_FUNCTION = YES;
				GCC_WARN_UNUSED_VARIABLE = YES;
				IPHONEOS_DEPLOYMENT_TARGET = 10.3;
				MTL_ENABLE_DEBUG_INFO = NO;
				SDKROOT = iphoneos;
				SWIFT_OPTIMIZATION_LEVEL = "-Owholemodule";
				VALIDATE_PRODUCT = YES;
			};
			name = Release;
		};
		FA11BC261E9F002400BBC8EE /* Debug */ = {
			isa = XCBuildConfiguration;
			buildSettings = {
				ASSETCATALOG_COMPILER_APPICON_NAME = AppIcon;
				DEVELOPMENT_TEAM = W8AVFZS4RL;
				INFOPLIST_FILE = TacoPopJack/Info.plist;
				LD_RUNPATH_SEARCH_PATHS = "$(inherited) @executable_path/Frameworks";
				PRODUCT_BUNDLE_IDENTIFIER = "jack-amiegbe.TacoPopJack";
				PRODUCT_NAME = "$(TARGET_NAME)";
				SWIFT_VERSION = 3.0;
			};
			name = Debug;
		};
		FA11BC271E9F002400BBC8EE /* Release */ = {
			isa = XCBuildConfiguration;
			buildSettings = {
				ASSETCATALOG_COMPILER_APPICON_NAME = AppIcon;
				DEVELOPMENT_TEAM = W8AVFZS4RL;
				INFOPLIST_FILE = TacoPopJack/Info.plist;
				LD_RUNPATH_SEARCH_PATHS = "$(inherited) @executable_path/Frameworks";
				PRODUCT_BUNDLE_IDENTIFIER = "jack-amiegbe.TacoPopJack";
				PRODUCT_NAME = "$(TARGET_NAME)";
				SWIFT_VERSION = 3.0;
			};
			name = Release;
		};
		FA11BC291E9F002400BBC8EE /* Debug */ = {
			isa = XCBuildConfiguration;
			buildSettings = {
				ALWAYS_EMBED_SWIFT_STANDARD_LIBRARIES = YES;
				BUNDLE_LOADER = "$(TEST_HOST)";
				DEVELOPMENT_TEAM = W8AVFZS4RL;
				INFOPLIST_FILE = TacoPopJackTests/Info.plist;
				LD_RUNPATH_SEARCH_PATHS = "$(inherited) @executable_path/Frameworks @loader_path/Frameworks";
				PRODUCT_BUNDLE_IDENTIFIER = "jack-amiegbe.TacoPopJackTests";
				PRODUCT_NAME = "$(TARGET_NAME)";
				SWIFT_VERSION = 3.0;
				TEST_HOST = "$(BUILT_PRODUCTS_DIR)/TacoPopJack.app/TacoPopJack";
			};
			name = Debug;
		};
		FA11BC2A1E9F002400BBC8EE /* Release */ = {
			isa = XCBuildConfiguration;
			buildSettings = {
				ALWAYS_EMBED_SWIFT_STANDARD_LIBRARIES = YES;
				BUNDLE_LOADER = "$(TEST_HOST)";
				DEVELOPMENT_TEAM = W8AVFZS4RL;
				INFOPLIST_FILE = TacoPopJackTests/Info.plist;
				LD_RUNPATH_SEARCH_PATHS = "$(inherited) @executable_path/Frameworks @loader_path/Frameworks";
				PRODUCT_BUNDLE_IDENTIFIER = "jack-amiegbe.TacoPopJackTests";
				PRODUCT_NAME = "$(TARGET_NAME)";
				SWIFT_VERSION = 3.0;
				TEST_HOST = "$(BUILT_PRODUCTS_DIR)/TacoPopJack.app/TacoPopJack";
			};
			name = Release;
		};
/* End XCBuildConfiguration section */

/* Begin XCConfigurationList section */
		FA11BC031E9F002400BBC8EE /* Build configuration list for PBXProject "TacoPopJack" */ = {
			isa = XCConfigurationList;
			buildConfigurations = (
				FA11BC231E9F002400BBC8EE /* Debug */,
				FA11BC241E9F002400BBC8EE /* Release */,
			);
			defaultConfigurationIsVisible = 0;
			defaultConfigurationName = Release;
		};
		FA11BC251E9F002400BBC8EE /* Build configuration list for PBXNativeTarget "TacoPopJack" */ = {
			isa = XCConfigurationList;
			buildConfigurations = (
				FA11BC261E9F002400BBC8EE /* Debug */,
				FA11BC271E9F002400BBC8EE /* Release */,
			);
			defaultConfigurationIsVisible = 0;
			defaultConfigurationName = Release;
		};
		FA11BC281E9F002400BBC8EE /* Build configuration list for PBXNativeTarget "TacoPopJackTests" */ = {
			isa = XCConfigurationList;
			buildConfigurations = (
				FA11BC291E9F002400BBC8EE /* Debug */,
				FA11BC2A1E9F002400BBC8EE /* Release */,
			);
			defaultConfigurationIsVisible = 0;
			defaultConfigurationName = Release;
		};
/* End XCConfigurationList section */
	};
	rootObject = FA11BC001E9F002400BBC8EE /* Project object */;
}
